{
  "name": "neo4jworkshop",
  "version": "1.0.0",
  "lockfileVersion": 1,
  "requires": true,
  "dependencies": {
    "deeks": {
      "version": "3.0.0",
      "resolved": "https://registry.npmjs.org/deeks/-/deeks-3.0.0.tgz",
      "integrity": "sha512-go4YE5vDMzDNzC9OqK7iIQd6agUUqZdBiw3TD2niRxsKGdGdB1FW8eZdrWsyCRZCNkBjV5Vutcx5uT1AikEPCg=="
    },
    "doc-path": {
      "version": "4.0.0",
      "resolved": "https://registry.npmjs.org/doc-path/-/doc-path-4.0.0.tgz",
      "integrity": "sha512-By/OF7rbws/bgExPZW10gHASoy3sACwXKKpKBIzYk/E19nX8q8IbILbreCeCYAVFIcO9FOxDjFYbm45wvn4I6w=="
    },
    "faker": {
      "version": "4.1.0",
      "resolved": "https://registry.npmjs.org/faker/-/faker-4.1.0.tgz",
      "integrity": "sha1-HkW7vsxndLPBlfrSg1EJxtdIzD8="
    },
    "json-2-csv": {
      "version": "4.0.0",
      "resolved": "https://registry.npmjs.org/json-2-csv/-/json-2-csv-4.0.0.tgz",
      "integrity": "sha512-r8WXuuLgVbeufMuCyzUXSp8VP9YK4BTuzM7rTG0X85MPKuHKa8JD6LHrp0rEKVCtBSgHA3LMu/VjrZHx+851DQ==",
      "requires": {
        "deeks": "3.0.0",
        "doc-path": "4.0.0"
      }
    }
  }
}
